
Microsoft Visual Studio Solution File, Format Version 12.00
# Visual Studio Version 17
VisualStudioVersion = 17.11.35222.181
MinimumVisualStudioVersion = 10.0.40219.1
Project("{FAE04EC0-301F-11D3-BF4B-00C04F79EFBC}") = "Persons.Domain", "Persons.Domain\Persons.Domain.csproj", "{313898C6-2E6F-48C6-B46E-A3EE9B79ED8C}"
EndProject
Project("{FAE04EC0-301F-11D3-BF4B-00C04F79EFBC}") = "Persons.Persistence", "Persons.Persistence\Persons.Persistence.csproj", "{C714A6A9-C468-4050-AF99-3C7CB0CD58F1}"
EndProject
Project("{FAE04EC0-301F-11D3-BF4B-00C04F79EFBC}") = "Persons.UI", "Persons.Application\Persons.UI.csproj", "{C32599D1-38C4-4EC2-9F51-07174C847CD9}"
EndProject
Project("{FAE04EC0-301F-11D3-BF4B-00C04F79EFBC}") = "Persons.App", "Persons.App\Persons.App.csproj", "{61F11924-FFE3-47C9-963A-DF8A1EEE0EC5}"
EndProject
Global
	GlobalSection(SolutionConfigurationPlatforms) = preSolution
		Debug|Any CPU = Debug|Any CPU
		Release|Any CPU = Release|Any CPU
	EndGlobalSection
	GlobalSection(ProjectConfigurationPlatforms) = postSolution
		{313898C6-2E6F-48C6-B46E-A3EE9B79ED8C}.Debug|Any CPU.ActiveCfg = Debug|Any CPU
		{313898C6-2E6F-48C6-B46E-A3EE9B79ED8C}.Debug|Any CPU.Build.0 = Debug|Any CPU
		{313898C6-2E6F-48C6-B46E-A3EE9B79ED8C}.Release|Any CPU.ActiveCfg = Release|Any CPU
		{313898C6-2E6F-48C6-B46E-A3EE9B79ED8C}.Release|Any CPU.Build.0 = Release|Any CPU
		{C714A6A9-C468-4050-AF99-3C7CB0CD58F1}.Debug|Any CPU.ActiveCfg = Debug|Any CPU
		{C714A6A9-C468-4050-AF99-3C7CB0CD58F1}.Debug|Any CPU.Build.0 = Debug|Any CPU
		{C714A6A9-C468-4050-AF99-3C7CB0CD58F1}.Release|Any CPU.ActiveCfg = Release|Any CPU
		{C714A6A9-C468-4050-AF99-3C7CB0CD58F1}.Release|Any CPU.Build.0 = Release|Any CPU
		{C32599D1-38C4-4EC2-9F51-07174C847CD9}.Debug|Any CPU.ActiveCfg = Debug|Any CPU
		{C32599D1-38C4-4EC2-9F51-07174C847CD9}.Debug|Any CPU.Build.0 = Debug|Any CPU
		{C32599D1-38C4-4EC2-9F51-07174C847CD9}.Release|Any CPU.ActiveCfg = Release|Any CPU
		{C32599D1-38C4-4EC2-9F51-07174C847CD9}.Release|Any CPU.Build.0 = Release|Any CPU
		{61F11924-FFE3-47C9-963A-DF8A1EEE0EC5}.Debug|Any CPU.ActiveCfg = Debug|Any CPU
		{61F11924-FFE3-47C9-963A-DF8A1EEE0EC5}.Debug|Any CPU.Build.0 = Debug|Any CPU
		{61F11924-FFE3-47C9-963A-DF8A1EEE0EC5}.Release|Any CPU.ActiveCfg = Release|Any CPU
		{61F11924-FFE3-47C9-963A-DF8A1EEE0EC5}.Release|Any CPU.Build.0 = Release|Any CPU
	EndGlobalSection
	GlobalSection(SolutionProperties) = preSolution
		HideSolutionNode = FALSE
	EndGlobalSection
	GlobalSection(ExtensibilityGlobals) = postSolution
		SolutionGuid = {A519DDD7-A7C6-4F7B-AF6C-66A57F9D5F3F}
	EndGlobalSection
EndGlobal
